# This file is automatically @generated by Poetry 1.7.1 and should not be changed by hand.

[[package]]
name = "wand"
version = "0.6.13"
description = "Ctypes-based simple MagickWand API binding for Python"
optional = false
python-versions = "*"
files = [
    {file = "Wand-0.6.13-py2.py3-none-any.whl", hash = "sha256:e5dda0ac2204a40c29ef5c4cb310770c95d3d05c37b1379e69c94ea79d7d19c0"},
    {file = "Wand-0.6.13.tar.gz", hash = "sha256:f5013484eaf7a20eb22d1821aaefe60b50cc329722372b5f8565d46d4aaafcca"},
]

[package.extras]
doc = ["Sphinx (>=5.3.0)"]
test = ["pytest (>=7.2.0)"]

[metadata]
lock-version = "2.0"
python-versions = "^3.11"
content-hash = "929516273328bb854307c6d32ab7ecde18ddcfc9b84e03c0c1d7434587ccf71f"
